
Microsoft Visual Studio Solution File, Format Version 12.00
# Visual Studio 15
VisualStudioVersion = 15.0.27428.2015
MinimumVisualStudioVersion = 10.0.40219.1
Project("{FAE04EC0-301F-11D3-BF4B-00C04F79EFBC}") = "addressbook-web-tests", "addressbook-web-tests\addressbook-web-tests.csproj", "{5B2BF4B4-DFD2-4884-AB5E-350173A16071}"
EndProject
Global
	GlobalSection(SolutionConfigurationPlatforms) = preSolution
		Debug|Any CPU = Debug|Any CPU
		Release|Any CPU = Release|Any CPU
	EndGlobalSection
	GlobalSection(ProjectConfigurationPlatforms) = postSolution
		{5B2BF4B4-DFD2-4884-AB5E-350173A16071}.Debug|Any CPU.ActiveCfg = Debug|Any CPU
		{5B2BF4B4-DFD2-4884-AB5E-350173A16071}.Debug|Any CPU.Build.0 = Debug|Any CPU
		{5B2BF4B4-DFD2-4884-AB5E-350173A16071}.Release|Any CPU.ActiveCfg = Release|Any CPU
		{5B2BF4B4-DFD2-4884-AB5E-350173A16071}.Release|Any CPU.Build.0 = Release|Any CPU
	EndGlobalSection
	GlobalSection(SolutionProperties) = preSolution
		HideSolutionNode = FALSE
	EndGlobalSection
	GlobalSection(ExtensibilityGlobals) = postSolution
		SolutionGuid = {18D929DB-821B-4269-97D4-D83E4965CD09}
	EndGlobalSection
EndGlobal
